// !$*UTF8*$!
{
	archiveVersion = 1;
	classes = {
	};
	objectVersion = 46;
	objects = {

/* Begin PBXBuildFile section */
		0A30B53917130BC700696647 /* spo.png in Resources */ = {isa = PBXBuildFile; fileRef = 0A30B53717130BC700696647 /* spo.png */; };
		0A30B53A17130BC700696647 /* spo.txt in Resources */ = {isa = PBXBuildFile; fileRef = 0A30B53817130BC700696647 /* spo.txt */; };
		0A3D6648171A927E00569681 /* testingMap.json in Resources */ = {isa = PBXBuildFile; fileRef = 0A3D6647171A927E00569681 /* testingMap.json */; };
		0A3D664C171AA09700569681 /* testingMap.png in Resources */ = {isa = PBXBuildFile; fileRef = 0A3D664A171AA09700569681 /* testingMap.png */; };
		0A3D664D171AA09700569681 /* testingMap.txt in Resources */ = {isa = PBXBuildFile; fileRef = 0A3D664B171AA09700569681 /* testingMap.txt */; };
		0A3D664F171AB90700569681 /* res1.png in Resources */ = {isa = PBXBuildFile; fileRef = 0A3D664E171AB90700569681 /* res1.png */; };
		0A3D6651171AB90C00569681 /* res1.txt in Resources */ = {isa = PBXBuildFile; fileRef = 0A3D6650171AB90C00569681 /* res1.txt */; };
		0A61F463170712DD008BDED1 /* UIKit.framework in Frameworks */ = {isa = PBXBuildFile; fileRef = 0A61F462170712DD008BDED1 /* UIKit.framework */; };
		0A61F465170712DD008BDED1 /* Foundation.framework in Frameworks */ = {isa = PBXBuildFile; fileRef = 0A61F464170712DD008BDED1 /* Foundation.framework */; };
		0A61F467170712DD008BDED1 /* CoreGraphics.framework in Frameworks */ = {isa = PBXBuildFile; fileRef = 0A61F466170712DD008BDED1 /* CoreGraphics.framework */; };
		0A61F46D170712DD008BDED1 /* InfoPlist.strings in Resources */ = {isa = PBXBuildFile; fileRef = 0A61F46B170712DD008BDED1 /* InfoPlist.strings */; };
		0A61F46F170712DD008BDED1 /* main.m in Sources */ = {isa = PBXBuildFile; fileRef = 0A61F46E170712DD008BDED1 /* main.m */; };
		0A61F473170712DD008BDED1 /* AppDelegate.m in Sources */ = {isa = PBXBuildFile; fileRef = 0A61F472170712DD008BDED1 /* AppDelegate.m */; };
		0A61F475170712DD008BDED1 /* Default.png in Resources */ = {isa = PBXBuildFile; fileRef = 0A61F474170712DD008BDED1 /* Default.png */; };
		0A61F477170712DD008BDED1 /* Default@2x.png in Resources */ = {isa = PBXBuildFile; fileRef = 0A61F476170712DD008BDED1 /* Default@2x.png */; };
		0A61F479170712DD008BDED1 /* Default-568h@2x.png in Resources */ = {isa = PBXBuildFile; fileRef = 0A61F478170712DD008BDED1 /* Default-568h@2x.png */; };
		0A61F4801707137D008BDED1 /* GLKit.framework in Frameworks */ = {isa = PBXBuildFile; fileRef = 0A61F47F1707137D008BDED1 /* GLKit.framework */; };
		0A61F48217071384008BDED1 /* OpenGLES.framework in Frameworks */ = {isa = PBXBuildFile; fileRef = 0A61F48117071384008BDED1 /* OpenGLES.framework */; };
		0A61F4841707138B008BDED1 /* QuartzCore.framework in Frameworks */ = {isa = PBXBuildFile; fileRef = 0A61F4831707138B008BDED1 /* QuartzCore.framework */; };
		0A61F4871707191E008BDED1 /* ESTools.m in Sources */ = {isa = PBXBuildFile; fileRef = 0A61F4861707191E008BDED1 /* ESTools.m */; };
		0A61F49A17072DCB008BDED1 /* ESNode.m in Sources */ = {isa = PBXBuildFile; fileRef = 0A61F49917072DCB008BDED1 /* ESNode.m */; };
		0A96DE50171ACF7800D6F1F0 /* ESPhysics.m in Sources */ = {isa = PBXBuildFile; fileRef = 0A96DE4F171ACF7800D6F1F0 /* ESPhysics.m */; };
		0AC8901017145A3E001FEF57 /* hero-packer.png in Resources */ = {isa = PBXBuildFile; fileRef = 0AC8900E17145A3E001FEF57 /* hero-packer.png */; };
		0AC8901117145A3E001FEF57 /* hero-packer.txt in Resources */ = {isa = PBXBuildFile; fileRef = 0AC8900F17145A3E001FEF57 /* hero-packer.txt */; };
		0AD3950817259ACB0002968A /* ESMarioGame.m in Sources */ = {isa = PBXBuildFile; fileRef = 0AD3950717259ACB0002968A /* ESMarioGame.m */; };
		0AD533521708752A00889E70 /* texture1.png in Resources */ = {isa = PBXBuildFile; fileRef = 0AD533511708752A00889E70 /* texture1.png */; };
/* End PBXBuildFile section */

/* Begin PBXFileReference section */
		0A30B53717130BC700696647 /* spo.png */ = {isa = PBXFileReference; lastKnownFileType = image.png; path = spo.png; sourceTree = "<group>"; };
		0A30B53817130BC700696647 /* spo.txt */ = {isa = PBXFileReference; fileEncoding = 4; lastKnownFileType = text; path = spo.txt; sourceTree = "<group>"; };
		0A3D6647171A927E00569681 /* testingMap.json */ = {isa = PBXFileReference; fileEncoding = 4; lastKnownFileType = text.json; path = testingMap.json; sourceTree = "<group>"; };
		0A3D664A171AA09700569681 /* testingMap.png */ = {isa = PBXFileReference; lastKnownFileType = image.png; path = testingMap.png; sourceTree = "<group>"; };
		0A3D664B171AA09700569681 /* testingMap.txt */ = {isa = PBXFileReference; fileEncoding = 4; lastKnownFileType = text; path = testingMap.txt; sourceTree = "<group>"; };
		0A3D664E171AB90700569681 /* res1.png */ = {isa = PBXFileReference; lastKnownFileType = image.png; path = res1.png; sourceTree = "<group>"; };
		0A3D6650171AB90C00569681 /* res1.txt */ = {isa = PBXFileReference; fileEncoding = 4; lastKnownFileType = text; path = res1.txt; sourceTree = "<group>"; };
		0A61F45E170712DD008BDED1 /* ESNode.app */ = {isa = PBXFileReference; explicitFileType = wrapper.application; includeInIndex = 0; path = ESNode.app; sourceTree = BUILT_PRODUCTS_DIR; };
		0A61F462170712DD008BDED1 /* UIKit.framework */ = {isa = PBXFileReference; lastKnownFileType = wrapper.framework; name = UIKit.framework; path = System/Library/Frameworks/UIKit.framework; sourceTree = SDKROOT; };
		0A61F464170712DD008BDED1 /* Foundation.framework */ = {isa = PBXFileReference; lastKnownFileType = wrapper.framework; name = Foundation.framework; path = System/Library/Frameworks/Foundation.framework; sourceTree = SDKROOT; };
		0A61F466170712DD008BDED1 /* CoreGraphics.framework */ = {isa = PBXFileReference; lastKnownFileType = wrapper.framework; name = CoreGraphics.framework; path = System/Library/Frameworks/CoreGraphics.framework; sourceTree = SDKROOT; };
		0A61F46A170712DD008BDED1 /* ESNode-Info.plist */ = {isa = PBXFileReference; lastKnownFileType = text.plist.xml; path = "ESNode-Info.plist"; sourceTree = "<group>"; };
		0A61F46C170712DD008BDED1 /* en */ = {isa = PBXFileReference; lastKnownFileType = text.plist.strings; name = en; path = en.lproj/InfoPlist.strings; sourceTree = "<group>"; };
		0A61F46E170712DD008BDED1 /* main.m */ = {isa = PBXFileReference; lastKnownFileType = sourcecode.c.objc; path = main.m; sourceTree = "<group>"; };
		0A61F470170712DD008BDED1 /* ESNode-Prefix.pch */ = {isa = PBXFileReference; lastKnownFileType = sourcecode.c.h; path = "ESNode-Prefix.pch"; sourceTree = "<group>"; };
		0A61F471170712DD008BDED1 /* AppDelegate.h */ = {isa = PBXFileReference; lastKnownFileType = sourcecode.c.h; path = AppDelegate.h; sourceTree = "<group>"; };
		0A61F472170712DD008BDED1 /* AppDelegate.m */ = {isa = PBXFileReference; lastKnownFileType = sourcecode.c.objc; path = AppDelegate.m; sourceTree = "<group>"; };
		0A61F474170712DD008BDED1 /* Default.png */ = {isa = PBXFileReference; lastKnownFileType = image.png; path = Default.png; sourceTree = "<group>"; };
		0A61F476170712DD008BDED1 /* Default@2x.png */ = {isa = PBXFileReference; lastKnownFileType = image.png; path = "Default@2x.png"; sourceTree = "<group>"; };
		0A61F478170712DD008BDED1 /* Default-568h@2x.png */ = {isa = PBXFileReference; lastKnownFileType = image.png; path = "Default-568h@2x.png"; sourceTree = "<group>"; };
		0A61F47F1707137D008BDED1 /* GLKit.framework */ = {isa = PBXFileReference; lastKnownFileType = wrapper.framework; name = GLKit.framework; path = System/Library/Frameworks/GLKit.framework; sourceTree = SDKROOT; };
		0A61F48117071384008BDED1 /* OpenGLES.framework */ = {isa = PBXFileReference; lastKnownFileType = wrapper.framework; name = OpenGLES.framework; path = System/Library/Frameworks/OpenGLES.framework; sourceTree = SDKROOT; };
		0A61F4831707138B008BDED1 /* QuartzCore.framework */ = {isa = PBXFileReference; lastKnownFileType = wrapper.framework; name = QuartzCore.framework; path = System/Library/Frameworks/QuartzCore.framework; sourceTree = SDKROOT; };
		0A61F4851707191E008BDED1 /* ESTools.h */ = {isa = PBXFileReference; fileEncoding = 4; lastKnownFileType = sourcecode.c.h; path = ESTools.h; sourceTree = "<group>"; };
		0A61F4861707191E008BDED1 /* ESTools.m */ = {isa = PBXFileReference; fileEncoding = 4; lastKnownFileType = sourcecode.c.objc; path = ESTools.m; sourceTree = "<group>"; };
		0A61F49817072DCB008BDED1 /* ESNode.h */ = {isa = PBXFileReference; fileEncoding = 4; lastKnownFileType = sourcecode.c.h; path = ESNode.h; sourceTree = "<group>"; };
		0A61F49917072DCB008BDED1 /* ESNode.m */ = {isa = PBXFileReference; fileEncoding = 4; lastKnownFileType = sourcecode.c.objc; path = ESNode.m; sourceTree = "<group>"; };
		0A96DE4E171ACF7800D6F1F0 /* ESPhysics.h */ = {isa = PBXFileReference; fileEncoding = 4; lastKnownFileType = sourcecode.c.h; path = ESPhysics.h; sourceTree = "<group>"; };
		0A96DE4F171ACF7800D6F1F0 /* ESPhysics.m */ = {isa = PBXFileReference; fileEncoding = 4; lastKnownFileType = sourcecode.c.objc; path = ESPhysics.m; sourceTree = "<group>"; };
		0AC8900E17145A3E001FEF57 /* hero-packer.png */ = {isa = PBXFileReference; lastKnownFileType = image.png; path = "hero-packer.png"; sourceTree = "<group>"; };
		0AC8900F17145A3E001FEF57 /* hero-packer.txt */ = {isa = PBXFileReference; fileEncoding = 4; lastKnownFileType = text; path = "hero-packer.txt"; sourceTree = "<group>"; };
		0AD3950617259ACB0002968A /* ESMarioGame.h */ = {isa = PBXFileReference; fileEncoding = 4; lastKnownFileType = sourcecode.c.h; path = ESMarioGame.h; sourceTree = "<group>"; };
		0AD3950717259ACB0002968A /* ESMarioGame.m */ = {isa = PBXFileReference; fileEncoding = 4; lastKnownFileType = sourcecode.c.objc; path = ESMarioGame.m; sourceTree = "<group>"; };
		0AD533511708752A00889E70 /* texture1.png */ = {isa = PBXFileReference; lastKnownFileType = image.png; name = texture1.png; path = ESNode/texture1.png; sourceTree = "<group>"; };
/* End PBXFileReference section */

/* Begin PBXFrameworksBuildPhase section */
		0A61F45B170712DD008BDED1 /* Frameworks */ = {
			isa = PBXFrameworksBuildPhase;
			buildActionMask = 2147483647;
			files = (
				0A61F4841707138B008BDED1 /* QuartzCore.framework in Frameworks */,
				0A61F48217071384008BDED1 /* OpenGLES.framework in Frameworks */,
				0A61F4801707137D008BDED1 /* GLKit.framework in Frameworks */,
				0A61F463170712DD008BDED1 /* UIKit.framework in Frameworks */,
				0A61F465170712DD008BDED1 /* Foundation.framework in Frameworks */,
				0A61F467170712DD008BDED1 /* CoreGraphics.framework in Frameworks */,
			);
			runOnlyForDeploymentPostprocessing = 0;
		};
/* End PBXFrameworksBuildPhase section */

/* Begin PBXGroup section */
		0A61F453170712DD008BDED1 = {
			isa = PBXGroup;
			children = (
				0AD533541708753100889E70 /* resources */,
				0A61F468170712DD008BDED1 /* ESNode */,
				0A61F461170712DD008BDED1 /* Frameworks */,
				0A61F45F170712DD008BDED1 /* Products */,
			);
			sourceTree = "<group>";
		};
		0A61F45F170712DD008BDED1 /* Products */ = {
			isa = PBXGroup;
			children = (
				0A61F45E170712DD008BDED1 /* ESNode.app */,
			);
			name = Products;
			sourceTree = "<group>";
		};
		0A61F461170712DD008BDED1 /* Frameworks */ = {
			isa = PBXGroup;
			children = (
				0A61F4831707138B008BDED1 /* QuartzCore.framework */,
				0A61F48117071384008BDED1 /* OpenGLES.framework */,
				0A61F47F1707137D008BDED1 /* GLKit.framework */,
				0A61F462170712DD008BDED1 /* UIKit.framework */,
				0A61F464170712DD008BDED1 /* Foundation.framework */,
				0A61F466170712DD008BDED1 /* CoreGraphics.framework */,
			);
			name = Frameworks;
			sourceTree = "<group>";
		};
		0A61F468170712DD008BDED1 /* ESNode */ = {
			isa = PBXGroup;
			children = (
				0A61F471170712DD008BDED1 /* AppDelegate.h */,
				0A61F472170712DD008BDED1 /* AppDelegate.m */,
				0A61F4851707191E008BDED1 /* ESTools.h */,
				0A61F4861707191E008BDED1 /* ESTools.m */,
				0A61F49817072DCB008BDED1 /* ESNode.h */,
				0A61F49917072DCB008BDED1 /* ESNode.m */,
				0A96DE4E171ACF7800D6F1F0 /* ESPhysics.h */,
				0A96DE4F171ACF7800D6F1F0 /* ESPhysics.m */,
				0AD3950617259ACB0002968A /* ESMarioGame.h */,
				0AD3950717259ACB0002968A /* ESMarioGame.m */,
				0A61F469170712DD008BDED1 /* Supporting Files */,
			);
			path = ESNode;
			sourceTree = "<group>";
		};
		0A61F469170712DD008BDED1 /* Supporting Files */ = {
			isa = PBXGroup;
			children = (
				0A61F46A170712DD008BDED1 /* ESNode-Info.plist */,
				0A61F46B170712DD008BDED1 /* InfoPlist.strings */,
				0A61F46E170712DD008BDED1 /* main.m */,
				0A61F470170712DD008BDED1 /* ESNode-Prefix.pch */,
				0A61F474170712DD008BDED1 /* Default.png */,
				0A61F476170712DD008BDED1 /* Default@2x.png */,
				0A61F478170712DD008BDED1 /* Default-568h@2x.png */,
			);
			name = "Supporting Files";
			sourceTree = "<group>";
		};
		0AD533541708753100889E70 /* resources */ = {
			isa = PBXGroup;
			children = (
				0A3D6650171AB90C00569681 /* res1.txt */,
				0A3D664E171AB90700569681 /* res1.png */,
				0A3D664A171AA09700569681 /* testingMap.png */,
				0A3D664B171AA09700569681 /* testingMap.txt */,
				0A3D6647171A927E00569681 /* testingMap.json */,
				0AD533511708752A00889E70 /* texture1.png */,
				0A30B53717130BC700696647 /* spo.png */,
				0A30B53817130BC700696647 /* spo.txt */,
				0AC8900E17145A3E001FEF57 /* hero-packer.png */,
				0AC8900F17145A3E001FEF57 /* hero-packer.txt */,
			);
			name = resources;
			sourceTree = "<group>";
		};
/* End PBXGroup section */

/* Begin PBXNativeTarget section */
		0A61F45D170712DD008BDED1 /* ESNode */ = {
			isa = PBXNativeTarget;
			buildConfigurationList = 0A61F47C170712DD008BDED1 /* Build configuration list for PBXNativeTarget "ESNode" */;
			buildPhases = (
				0A61F45A170712DD008BDED1 /* Sources */,
				0A61F45B170712DD008BDED1 /* Frameworks */,
				0A61F45C170712DD008BDED1 /* Resources */,
			);
			buildRules = (
			);
			dependencies = (
			);
			name = ESNode;
			productName = ESNode;
			productReference = 0A61F45E170712DD008BDED1 /* ESNode.app */;
			productType = "com.apple.product-type.application";
		};
/* End PBXNativeTarget section */

/* Begin PBXProject section */
		0A61F455170712DD008BDED1 /* Project object */ = {
			isa = PBXProject;
			attributes = {
				LastUpgradeCheck = 0450;
				ORGANIZATIONNAME = jfwf;
			};
			buildConfigurationList = 0A61F458170712DD008BDED1 /* Build configuration list for PBXProject "ESNode" */;
			compatibilityVersion = "Xcode 3.2";
			developmentRegion = English;
			hasScannedForEncodings = 0;
			knownRegions = (
				en,
			);
			mainGroup = 0A61F453170712DD008BDED1;
			productRefGroup = 0A61F45F170712DD008BDED1 /* Products */;
			projectDirPath = "";
			projectRoot = "";
			targets = (
				0A61F45D170712DD008BDED1 /* ESNode */,
			);
		};
/* End PBXProject section */

/* Begin PBXResourcesBuildPhase section */
		0A61F45C170712DD008BDED1 /* Resources */ = {
			isa = PBXResourcesBuildPhase;
			buildActionMask = 2147483647;
			files = (
				0A61F46D170712DD008BDED1 /* InfoPlist.strings in Resources */,
				0A61F475170712DD008BDED1 /* Default.png in Resources */,
				0A61F477170712DD008BDED1 /* Default@2x.png in Resources */,
				0A61F479170712DD008BDED1 /* Default-568h@2x.png in Resources */,
				0AD533521708752A00889E70 /* texture1.png in Resources */,
				0A30B53917130BC700696647 /* spo.png in Resources */,
				0A30B53A17130BC700696647 /* spo.txt in Resources */,
				0AC8901017145A3E001FEF57 /* hero-packer.png in Resources */,
				0AC8901117145A3E001FEF57 /* hero-packer.txt in Resources */,
				0A3D6648171A927E00569681 /* testingMap.json in Resources */,
				0A3D664C171AA09700569681 /* testingMap.png in Resources */,
				0A3D664D171AA09700569681 /* testingMap.txt in Resources */,
				0A3D664F171AB90700569681 /* res1.png in Resources */,
				0A3D6651171AB90C00569681 /* res1.txt in Resources */,
			);
			runOnlyForDeploymentPostprocessing = 0;
		};
/* End PBXResourcesBuildPhase section */

/* Begin PBXSourcesBuildPhase section */
		0A61F45A170712DD008BDED1 /* Sources */ = {
			isa = PBXSourcesBuildPhase;
			buildActionMask = 2147483647;
			files = (
				0A61F46F170712DD008BDED1 /* main.m in Sources */,
				0A61F473170712DD008BDED1 /* AppDelegate.m in Sources */,
				0A61F4871707191E008BDED1 /* ESTools.m in Sources */,
				0A61F49A17072DCB008BDED1 /* ESNode.m in Sources */,
				0A96DE50171ACF7800D6F1F0 /* ESPhysics.m in Sources */,
				0AD3950817259ACB0002968A /* ESMarioGame.m in Sources */,
			);
			runOnlyForDeploymentPostprocessing = 0;
		};
/* End PBXSourcesBuildPhase section */

/* Begin PBXVariantGroup section */
		0A61F46B170712DD008BDED1 /* InfoPlist.strings */ = {
			isa = PBXVariantGroup;
			children = (
				0A61F46C170712DD008BDED1 /* en */,
			);
			name = InfoPlist.strings;
			sourceTree = "<group>";
		};
/* End PBXVariantGroup section */

/* Begin XCBuildConfiguration section */
		0A61F47A170712DD008BDED1 /* Debug */ = {
			isa = XCBuildConfiguration;
			buildSettings = {
				ALWAYS_SEARCH_USER_PATHS = NO;
				CLANG_CXX_LANGUAGE_STANDARD = "gnu++0x";
				CLANG_CXX_LIBRARY = "libc++";
				CLANG_WARN_EMPTY_BODY = YES;
				CLANG_WARN__DUPLICATE_METHOD_MATCH = YES;
				"CODE_SIGN_IDENTITY[sdk=iphoneos*]" = "iPhone Developer";
				COPY_PHASE_STRIP = NO;
				GCC_C_LANGUAGE_STANDARD = gnu99;
				GCC_DYNAMIC_NO_PIC = NO;
				GCC_OPTIMIZATION_LEVEL = 0;
				GCC_PREPROCESSOR_DEFINITIONS = (
					"DEBUG=1",
					"$(inherited)",
				);
				GCC_SYMBOLS_PRIVATE_EXTERN = NO;
				GCC_WARN_ABOUT_RETURN_TYPE = YES;
				GCC_WARN_UNINITIALIZED_AUTOS = YES;
				GCC_WARN_UNUSED_VARIABLE = YES;
				IPHONEOS_DEPLOYMENT_TARGET = 6.0;
				SDKROOT = iphoneos;
				TARGETED_DEVICE_FAMILY = "1,2";
			};
			name = Debug;
		};
		0A61F47B170712DD008BDED1 /* Release */ = {
			isa = XCBuildConfiguration;
			buildSettings = {
				ALWAYS_SEARCH_USER_PATHS = NO;
				CLANG_CXX_LANGUAGE_STANDARD = "gnu++0x";
				CLANG_CXX_LIBRARY = "libc++";
				CLANG_WARN_EMPTY_BODY = YES;
				CLANG_WARN__DUPLICATE_METHOD_MATCH = YES;
				"CODE_SIGN_IDENTITY[sdk=iphoneos*]" = "iPhone Developer";
				COPY_PHASE_STRIP = YES;
				GCC_C_LANGUAGE_STANDARD = gnu99;
				GCC_WARN_ABOUT_RETURN_TYPE = YES;
				GCC_WARN_UNINITIALIZED_AUTOS = YES;
				GCC_WARN_UNUSED_VARIABLE = YES;
				IPHONEOS_DEPLOYMENT_TARGET = 6.0;
				OTHER_CFLAGS = "-DNS_BLOCK_ASSERTIONS=1";
				SDKROOT = iphoneos;
				TARGETED_DEVICE_FAMILY = "1,2";
				VALIDATE_PRODUCT = YES;
			};
			name = Release;
		};
		0A61F47D170712DD008BDED1 /* Debug */ = {
			isa = XCBuildConfiguration;
			buildSettings = {
				GCC_PRECOMPILE_PREFIX_HEADER = YES;
				GCC_PREFIX_HEADER = "ESNode/ESNode-Prefix.pch";
				INFOPLIST_FILE = "ESNode/ESNode-Info.plist";
				IPHONEOS_DEPLOYMENT_TARGET = 5.1;
				PRODUCT_NAME = "$(TARGET_NAME)";
				WRAPPER_EXTENSION = app;
			};
			name = Debug;
		};
		0A61F47E170712DD008BDED1 /* Release */ = {
			isa = XCBuildConfiguration;
			buildSettings = {
				GCC_PRECOMPILE_PREFIX_HEADER = YES;
				GCC_PREFIX_HEADER = "ESNode/ESNode-Prefix.pch";
				INFOPLIST_FILE = "ESNode/ESNode-Info.plist";
				IPHONEOS_DEPLOYMENT_TARGET = 5.1;
				PRODUCT_NAME = "$(TARGET_NAME)";
				WRAPPER_EXTENSION = app;
			};
			name = Release;
		};
/* End XCBuildConfiguration section */

/* Begin XCConfigurationList section */
		0A61F458170712DD008BDED1 /* Build configuration list for PBXProject "ESNode" */ = {
			isa = XCConfigurationList;
			buildConfigurations = (
				0A61F47A170712DD008BDED1 /* Debug */,
				0A61F47B170712DD008BDED1 /* Release */,
			);
			defaultConfigurationIsVisible = 0;
			defaultConfigurationName = Release;
		};
		0A61F47C170712DD008BDED1 /* Build configuration list for PBXNativeTarget "ESNode" */ = {
			isa = XCConfigurationList;
			buildConfigurations = (
				0A61F47D170712DD008BDED1 /* Debug */,
				0A61F47E170712DD008BDED1 /* Release */,
			);
			defaultConfigurationIsVisible = 0;
			defaultConfigurationName = Release;
		};
/* End XCConfigurationList section */
	};
	rootObject = 0A61F455170712DD008BDED1 /* Project object */;
}
